
Microsoft Visual Studio Solution File, Format Version 12.00
# Visual Studio Version 16
VisualStudioVersion = 16.0.30907.101
MinimumVisualStudioVersion = 10.0.40219.1
Project("{FAE04EC0-301F-11D3-BF4B-00C04F79EFBC}") = "ChatBot", "ChatBot\ChatBot.csproj", "{0B5A19F1-84B6-4133-A5FE-7E335E7B3CC0}"
EndProject
Global
	GlobalSection(SolutionConfigurationPlatforms) = preSolution
		Debug|Any CPU = Debug|Any CPU
		Release|Any CPU = Release|Any CPU
	EndGlobalSection
	GlobalSection(ProjectConfigurationPlatforms) = postSolution
		{0B5A19F1-84B6-4133-A5FE-7E335E7B3CC0}.Debug|Any CPU.ActiveCfg = Debug|Any CPU
		{0B5A19F1-84B6-4133-A5FE-7E335E7B3CC0}.Debug|Any CPU.Build.0 = Debug|Any CPU
		{0B5A19F1-84B6-4133-A5FE-7E335E7B3CC0}.Release|Any CPU.ActiveCfg = Release|Any CPU
		{0B5A19F1-84B6-4133-A5FE-7E335E7B3CC0}.Release|Any CPU.Build.0 = Release|Any CPU
	EndGlobalSection
	GlobalSection(SolutionProperties) = preSolution
		HideSolutionNode = FALSE
	EndGlobalSection
	GlobalSection(ExtensibilityGlobals) = postSolution
		SolutionGuid = {6F5C1937-FDE9-4BCB-90C0-8EF1D52B0A1E}
	EndGlobalSection
EndGlobal
